
Microsoft Visual Studio Solution File, Format Version 12.00
# Visual Studio Version 17
VisualStudioVersion = 17.1.32421.90
MinimumVisualStudioVersion = 10.0.40219.1
Project("{FAE04EC0-301F-11D3-BF4B-00C04F79EFBC}") = "Master_Chef_Info_console", "Master_Chef_Info_console.csproj", "{9D1DC192-647B-476A-8F4C-D236887ED446}"
EndProject
Global
	GlobalSection(SolutionConfigurationPlatforms) = preSolution
		Debug|Any CPU = Debug|Any CPU
		Release|Any CPU = Release|Any CPU
	EndGlobalSection
	GlobalSection(ProjectConfigurationPlatforms) = postSolution
		{9D1DC192-647B-476A-8F4C-D236887ED446}.Debug|Any CPU.ActiveCfg = Debug|Any CPU
		{9D1DC192-647B-476A-8F4C-D236887ED446}.Debug|Any CPU.Build.0 = Debug|Any CPU
		{9D1DC192-647B-476A-8F4C-D236887ED446}.Release|Any CPU.ActiveCfg = Release|Any CPU
		{9D1DC192-647B-476A-8F4C-D236887ED446}.Release|Any CPU.Build.0 = Release|Any CPU
	EndGlobalSection
	GlobalSection(SolutionProperties) = preSolution
		HideSolutionNode = FALSE
	EndGlobalSection
	GlobalSection(ExtensibilityGlobals) = postSolution
		SolutionGuid = {401E10A4-FBC7-4309-8A5F-220E5F68DE85}
	EndGlobalSection
EndGlobal
